// !$*UTF8*$!
{
	archiveVersion = 1;
	classes = {
	};
	objectVersion = 56;
	objects = {

/* Begin PBXBuildFile section */
		077DBFDF2B3F37AF0024B293 /* Dart01App.swift in Sources */ = {isa = PBXBuildFile; fileRef = 077DBFDE2B3F37AF0024B293 /* Dart01App.swift */; };
		077DBFE12B3F37AF0024B293 /* ContentView.swift in Sources */ = {isa = PBXBuildFile; fileRef = 077DBFE02B3F37AF0024B293 /* ContentView.swift */; };
		077DBFE32B3F37B20024B293 /* Assets.xcassets in Resources */ = {isa = PBXBuildFile; fileRef = 077DBFE22B3F37B20024B293 /* Assets.xcassets */; };
		077DBFE62B3F37B20024B293 /* Preview Assets.xcassets in Resources */ = {isa = PBXBuildFile; fileRef = 077DBFE52B3F37B20024B293 /* Preview Assets.xcassets */; };
		077DBFF02B3F37B20024B293 /* Dart01Tests.swift in Sources */ = {isa = PBXBuildFile; fileRef = 077DBFEF2B3F37B20024B293 /* Dart01Tests.swift */; };
		077DBFFA2B3F37B20024B293 /* Dart01UITests.swift in Sources */ = {isa = PBXBuildFile; fileRef = 077DBFF92B3F37B20024B293 /* Dart01UITests.swift */; };
		077DBFFC2B3F37B20024B293 /* Dart01UITestsLaunchTests.swift in Sources */ = {isa = PBXBuildFile; fileRef = 077DBFFB2B3F37B20024B293 /* Dart01UITestsLaunchTests.swift */; };
/* End PBXBuildFile section */

/* Begin PBXContainerItemProxy section */
		077DBFEC2B3F37B20024B293 /* PBXContainerItemProxy */ = {
			isa = PBXContainerItemProxy;
			containerPortal = 077DBFD32B3F37AF0024B293 /* Project object */;
			proxyType = 1;
			remoteGlobalIDString = 077DBFDA2B3F37AF0024B293;
			remoteInfo = Dart01;
		};
		077DBFF62B3F37B20024B293 /* PBXContainerItemProxy */ = {
			isa = PBXContainerItemProxy;
			containerPortal = 077DBFD32B3F37AF0024B293 /* Project object */;
			proxyType = 1;
			remoteGlobalIDString = 077DBFDA2B3F37AF0024B293;
			remoteInfo = Dart01;
		};
/* End PBXContainerItemProxy section */

/* Begin PBXFileReference section */
		077DBFDB2B3F37AF0024B293 /* Dart01.app */ = {isa = PBXFileReference; explicitFileType = wrapper.application; includeInIndex = 0; path = Dart01.app; sourceTree = BUILT_PRODUCTS_DIR; };
		077DBFDE2B3F37AF0024B293 /* Dart01App.swift */ = {isa = PBXFileReference; lastKnownFileType = sourcecode.swift; path = Dart01App.swift; sourceTree = "<group>"; };
		077DBFE02B3F37AF0024B293 /* ContentView.swift */ = {isa = PBXFileReference; lastKnownFileType = sourcecode.swift; path = ContentView.swift; sourceTree = "<group>"; };
		077DBFE22B3F37B20024B293 /* Assets.xcassets */ = {isa = PBXFileReference; lastKnownFileType = folder.assetcatalog; path = Assets.xcassets; sourceTree = "<group>"; };
		077DBFE52B3F37B20024B293 /* Preview Assets.xcassets */ = {isa = PBXFileReference; lastKnownFileType = folder.assetcatalog; path = "Preview Assets.xcassets"; sourceTree = "<group>"; };
		077DBFEB2B3F37B20024B293 /* Dart01Tests.xctest */ = {isa = PBXFileReference; explicitFileType = wrapper.cfbundle; includeInIndex = 0; path = Dart01Tests.xctest; sourceTree = BUILT_PRODUCTS_DIR; };
		077DBFEF2B3F37B20024B293 /* Dart01Tests.swift */ = {isa = PBXFileReference; lastKnownFileType = sourcecode.swift; path = Dart01Tests.swift; sourceTree = "<group>"; };
		077DBFF52B3F37B20024B293 /* Dart01UITests.xctest */ = {isa = PBXFileReference; explicitFileType = wrapper.cfbundle; includeInIndex = 0; path = Dart01UITests.xctest; sourceTree = BUILT_PRODUCTS_DIR; };
		077DBFF92B3F37B20024B293 /* Dart01UITests.swift */ = {isa = PBXFileReference; lastKnownFileType = sourcecode.swift; path = Dart01UITests.swift; sourceTree = "<group>"; };
		077DBFFB2B3F37B20024B293 /* Dart01UITestsLaunchTests.swift */ = {isa = PBXFileReference; lastKnownFileType = sourcecode.swift; path = Dart01UITestsLaunchTests.swift; sourceTree = "<group>"; };
/* End PBXFileReference section */

/* Begin PBXFrameworksBuildPhase section */
		077DBFD82B3F37AF0024B293 /* Frameworks */ = {
			isa = PBXFrameworksBuildPhase;
			buildActionMask = 2147483647;
			files = (
			);
			runOnlyForDeploymentPostprocessing = 0;
		};
		077DBFE82B3F37B20024B293 /* Frameworks */ = {
			isa = PBXFrameworksBuildPhase;
			buildActionMask = 2147483647;
			files = (
			);
			runOnlyForDeploymentPostprocessing = 0;
		};
		077DBFF22B3F37B20024B293 /* Frameworks */ = {
			isa = PBXFrameworksBuildPhase;
			buildActionMask = 2147483647;
			files = (
			);
			runOnlyForDeploymentPostprocessing = 0;
		};
/* End PBXFrameworksBuildPhase section */

/* Begin PBXGroup section */
		077DBFD22B3F37AF0024B293 = {
			isa = PBXGroup;
			children = (
				077DBFDD2B3F37AF0024B293 /* Dart01 */,
				077DBFEE2B3F37B20024B293 /* Dart01Tests */,
				077DBFF82B3F37B20024B293 /* Dart01UITests */,
				077DBFDC2B3F37AF0024B293 /* Products */,
			);
			sourceTree = "<group>";
		};
		077DBFDC2B3F37AF0024B293 /* Products */ = {
			isa = PBXGroup;
			children = (
				077DBFDB2B3F37AF0024B293 /* Dart01.app */,
				077DBFEB2B3F37B20024B293 /* Dart01Tests.xctest */,
				077DBFF52B3F37B20024B293 /* Dart01UITests.xctest */,
			);
			name = Products;
			sourceTree = "<group>";
		};
		077DBFDD2B3F37AF0024B293 /* Dart01 */ = {
			isa = PBXGroup;
			children = (
				077DBFDE2B3F37AF0024B293 /* Dart01App.swift */,
				077DBFE02B3F37AF0024B293 /* ContentView.swift */,
				077DBFE22B3F37B20024B293 /* Assets.xcassets */,
				077DBFE42B3F37B20024B293 /* Preview Content */,
			);
			path = Dart01;
			sourceTree = "<group>";
		};
		077DBFE42B3F37B20024B293 /* Preview Content */ = {
			isa = PBXGroup;
			children = (
				077DBFE52B3F37B20024B293 /* Preview Assets.xcassets */,
			);
			path = "Preview Content";
			sourceTree = "<group>";
		};
		077DBFEE2B3F37B20024B293 /* Dart01Tests */ = {
			isa = PBXGroup;
			children = (
				077DBFEF2B3F37B20024B293 /* Dart01Tests.swift */,
			);
			path = Dart01Tests;
			sourceTree = "<group>";
		};
		077DBFF82B3F37B20024B293 /* Dart01UITests */ = {
			isa = PBXGroup;
			children = (
				077DBFF92B3F37B20024B293 /* Dart01UITests.swift */,
				077DBFFB2B3F37B20024B293 /* Dart01UITestsLaunchTests.swift */,
			);
			path = Dart01UITests;
			sourceTree = "<group>";
		};
/* End PBXGroup section */

/* Begin PBXNativeTarget section */
		077DBFDA2B3F37AF0024B293 /* Dart01 */ = {
			isa = PBXNativeTarget;
			buildConfigurationList = 077DBFFF2B3F37B20024B293 /* Build configuration list for PBXNativeTarget "Dart01" */;
			buildPhases = (
				077DBFD72B3F37AF0024B293 /* Sources */,
				077DBFD82B3F37AF0024B293 /* Frameworks */,
				077DBFD92B3F37AF0024B293 /* Resources */,
			);
			buildRules = (
			);
			dependencies = (
			);
			name = Dart01;
			productName = Dart01;
			productReference = 077DBFDB2B3F37AF0024B293 /* Dart01.app */;
			productType = "com.apple.product-type.application";
		};
		077DBFEA2B3F37B20024B293 /* Dart01Tests */ = {
			isa = PBXNativeTarget;
			buildConfigurationList = 077DC0022B3F37B20024B293 /* Build configuration list for PBXNativeTarget "Dart01Tests" */;
			buildPhases = (
				077DBFE72B3F37B20024B293 /* Sources */,
				077DBFE82B3F37B20024B293 /* Frameworks */,
				077DBFE92B3F37B20024B293 /* Resources */,
			);
			buildRules = (
			);
			dependencies = (
				077DBFED2B3F37B20024B293 /* PBXTargetDependency */,
			);
			name = Dart01Tests;
			productName = Dart01Tests;
			productReference = 077DBFEB2B3F37B20024B293 /* Dart01Tests.xctest */;
			productType = "com.apple.product-type.bundle.unit-test";
		};
		077DBFF42B3F37B20024B293 /* Dart01UITests */ = {
			isa = PBXNativeTarget;
			buildConfigurationList = 077DC0052B3F37B20024B293 /* Build configuration list for PBXNativeTarget "Dart01UITests" */;
			buildPhases = (
				077DBFF12B3F37B20024B293 /* Sources */,
				077DBFF22B3F37B20024B293 /* Frameworks */,
				077DBFF32B3F37B20024B293 /* Resources */,
			);
			buildRules = (
			);
			dependencies = (
				077DBFF72B3F37B20024B293 /* PBXTargetDependency */,
			);
			name = Dart01UITests;
			productName = Dart01UITests;
			productReference = 077DBFF52B3F37B20024B293 /* Dart01UITests.xctest */;
			productType = "com.apple.product-type.bundle.ui-testing";
		};
/* End PBXNativeTarget section */

/* Begin PBXProject section */
		077DBFD32B3F37AF0024B293 /* Project object */ = {
			isa = PBXProject;
			attributes = {
				BuildIndependentTargetsInParallel = 1;
				LastSwiftUpdateCheck = 1500;
				LastUpgradeCheck = 1500;
				TargetAttributes = {
					077DBFDA2B3F37AF0024B293 = {
						CreatedOnToolsVersion = 15.0.1;
					};
					077DBFEA2B3F37B20024B293 = {
						CreatedOnToolsVersion = 15.0.1;
						TestTargetID = 077DBFDA2B3F37AF0024B293;
					};
					077DBFF42B3F37B20024B293 = {
						CreatedOnToolsVersion = 15.0.1;
						TestTargetID = 077DBFDA2B3F37AF0024B293;
					};
				};
			};
			buildConfigurationList = 077DBFD62B3F37AF0024B293 /* Build configuration list for PBXProject "Dart01" */;
			compatibilityVersion = "Xcode 14.0";
			developmentRegion = en;
			hasScannedForEncodings = 0;
			knownRegions = (
				en,
				Base,
			);
			mainGroup = 077DBFD22B3F37AF0024B293;
			productRefGroup = 077DBFDC2B3F37AF0024B293 /* Products */;
			projectDirPath = "";
			projectRoot = "";
			targets = (
				077DBFDA2B3F37AF0024B293 /* Dart01 */,
				077DBFEA2B3F37B20024B293 /* Dart01Tests */,
				077DBFF42B3F37B20024B293 /* Dart01UITests */,
			);
		};
/* End PBXProject section */

/* Begin PBXResourcesBuildPhase section */
		077DBFD92B3F37AF0024B293 /* Resources */ = {
			isa = PBXResourcesBuildPhase;
			buildActionMask = 2147483647;
			files = (
				077DBFE62B3F37B20024B293 /* Preview Assets.xcassets in Resources */,
				077DBFE32B3F37B20024B293 /* Assets.xcassets in Resources */,
			);
			runOnlyForDeploymentPostprocessing = 0;
		};
		077DBFE92B3F37B20024B293 /* Resources */ = {
			isa = PBXResourcesBuildPhase;
			buildActionMask = 2147483647;
			files = (
			);
			runOnlyForDeploymentPostprocessing = 0;
		};
		077DBFF32B3F37B20024B293 /* Resources */ = {
			isa = PBXResourcesBuildPhase;
			buildActionMask = 2147483647;
			files = (
			);
			runOnlyForDeploymentPostprocessing = 0;
		};
/* End PBXResourcesBuildPhase section */

/* Begin PBXSourcesBuildPhase section */
		077DBFD72B3F37AF0024B293 /* Sources */ = {
			isa = PBXSourcesBuildPhase;
			buildActionMask = 2147483647;
			files = (
				077DBFE12B3F37AF0024B293 /* ContentView.swift in Sources */,
				077DBFDF2B3F37AF0024B293 /* Dart01App.swift in Sources */,
			);
			runOnlyForDeploymentPostprocessing = 0;
		};
		077DBFE72B3F37B20024B293 /* Sources */ = {
			isa = PBXSourcesBuildPhase;
			buildActionMask = 2147483647;
			files = (
				077DBFF02B3F37B20024B293 /* Dart01Tests.swift in Sources */,
			);
			runOnlyForDeploymentPostprocessing = 0;
		};
		077DBFF12B3F37B20024B293 /* Sources */ = {
			isa = PBXSourcesBuildPhase;
			buildActionMask = 2147483647;
			files = (
				077DBFFC2B3F37B20024B293 /* Dart01UITestsLaunchTests.swift in Sources */,
				077DBFFA2B3F37B20024B293 /* Dart01UITests.swift in Sources */,
			);
			runOnlyForDeploymentPostprocessing = 0;
		};
/* End PBXSourcesBuildPhase section */

/* Begin PBXTargetDependency section */
		077DBFED2B3F37B20024B293 /* PBXTargetDependency */ = {
			isa = PBXTargetDependency;
			target = 077DBFDA2B3F37AF0024B293 /* Dart01 */;
			targetProxy = 077DBFEC2B3F37B20024B293 /* PBXContainerItemProxy */;
		};
		077DBFF72B3F37B20024B293 /* PBXTargetDependency */ = {
			isa = PBXTargetDependency;
			target = 077DBFDA2B3F37AF0024B293 /* Dart01 */;
			targetProxy = 077DBFF62B3F37B20024B293 /* PBXContainerItemProxy */;
		};
/* End PBXTargetDependency section */

/* Begin XCBuildConfiguration section */
		077DBFFD2B3F37B20024B293 /* Debug */ = {
			isa = XCBuildConfiguration;
			buildSettings = {
				ALWAYS_SEARCH_USER_PATHS = NO;
				ASSETCATALOG_COMPILER_GENERATE_SWIFT_ASSET_SYMBOL_EXTENSIONS = YES;
				CLANG_ANALYZER_NONNULL = YES;
				CLANG_ANALYZER_NUMBER_OBJECT_CONVERSION = YES_AGGRESSIVE;
				CLANG_CXX_LANGUAGE_STANDARD = "gnu++20";
				CLANG_ENABLE_MODULES = YES;
				CLANG_ENABLE_OBJC_ARC = YES;
				CLANG_ENABLE_OBJC_WEAK = YES;
				CLANG_WARN_BLOCK_CAPTURE_AUTORELEASING = YES;
				CLANG_WARN_BOOL_CONVERSION = YES;
				CLANG_WARN_COMMA = YES;
				CLANG_WARN_CONSTANT_CONVERSION = YES;
				CLANG_WARN_DEPRECATED_OBJC_IMPLEMENTATIONS = YES;
				CLANG_WARN_DIRECT_OBJC_ISA_USAGE = YES_ERROR;
				CLANG_WARN_DOCUMENTATION_COMMENTS = YES;
				CLANG_WARN_EMPTY_BODY = YES;
				CLANG_WARN_ENUM_CONVERSION = YES;
				CLANG_WARN_INFINITE_RECURSION = YES;
				CLANG_WARN_INT_CONVERSION = YES;
				CLANG_WARN_NON_LITERAL_NULL_CONVERSION = YES;
				CLANG_WARN_OBJC_IMPLICIT_RETAIN_SELF = YES;
				CLANG_WARN_OBJC_LITERAL_CONVERSION = YES;
				CLANG_WARN_OBJC_ROOT_CLASS = YES_ERROR;
				CLANG_WARN_QUOTED_INCLUDE_IN_FRAMEWORK_HEADER = YES;
				CLANG_WARN_RANGE_LOOP_ANALYSIS = YES;
				CLANG_WARN_STRICT_PROTOTYPES = YES;
				CLANG_WARN_SUSPICIOUS_MOVE = YES;
				CLANG_WARN_UNGUARDED_AVAILABILITY = YES_AGGRESSIVE;
				CLANG_WARN_UNREACHABLE_CODE = YES;
				CLANG_WARN__DUPLICATE_METHOD_MATCH = YES;
				COPY_PHASE_STRIP = NO;
				DEBUG_INFORMATION_FORMAT = dwarf;
				ENABLE_STRICT_OBJC_MSGSEND = YES;
				ENABLE_TESTABILITY = YES;
				ENABLE_USER_SCRIPT_SANDBOXING = YES;
				GCC_C_LANGUAGE_STANDARD = gnu17;
				GCC_DYNAMIC_NO_PIC = NO;
				GCC_NO_COMMON_BLOCKS = YES;
				GCC_OPTIMIZATION_LEVEL = 0;
				GCC_PREPROCESSOR_DEFINITIONS = (
					"DEBUG=1",
					"$(inherited)",
				);
				GCC_WARN_64_TO_32_BIT_CONVERSION = YES;
				GCC_WARN_ABOUT_RETURN_TYPE = YES_ERROR;
				GCC_WARN_UNDECLARED_SELECTOR = YES;
				GCC_WARN_UNINITIALIZED_AUTOS = YES_AGGRESSIVE;
				GCC_WARN_UNUSED_FUNCTION = YES;
				GCC_WARN_UNUSED_VARIABLE = YES;
				IPHONEOS_DEPLOYMENT_TARGET = 17.0;
				LOCALIZATION_PREFERS_STRING_CATALOGS = YES;
				MTL_ENABLE_DEBUG_INFO = INCLUDE_SOURCE;
				MTL_FAST_MATH = YES;
				ONLY_ACTIVE_ARCH = YES;
				SDKROOT = iphoneos;
				SWIFT_ACTIVE_COMPILATION_CONDITIONS = "DEBUG $(inherited)";
				SWIFT_OPTIMIZATION_LEVEL = "-Onone";
			};
			name = Debug;
		};
		077DBFFE2B3F37B20024B293 /* Release */ = {
			isa = XCBuildConfiguration;
			buildSettings = {
				ALWAYS_SEARCH_USER_PATHS = NO;
				ASSETCATALOG_COMPILER_GENERATE_SWIFT_ASSET_SYMBOL_EXTENSIONS = YES;
				CLANG_ANALYZER_NONNULL = YES;
				CLANG_ANALYZER_NUMBER_OBJECT_CONVERSION = YES_AGGRESSIVE;
				CLANG_CXX_LANGUAGE_STANDARD = "gnu++20";
				CLANG_ENABLE_MODULES = YES;
				CLANG_ENABLE_OBJC_ARC = YES;
				CLANG_ENABLE_OBJC_WEAK = YES;
				CLANG_WARN_BLOCK_CAPTURE_AUTORELEASING = YES;
				CLANG_WARN_BOOL_CONVERSION = YES;
				CLANG_WARN_COMMA = YES;
				CLANG_WARN_CONSTANT_CONVERSION = YES;
				CLANG_WARN_DEPRECATED_OBJC_IMPLEMENTATIONS = YES;
				CLANG_WARN_DIRECT_OBJC_ISA_USAGE = YES_ERROR;
				CLANG_WARN_DOCUMENTATION_COMMENTS = YES;
				CLANG_WARN_EMPTY_BODY = YES;
				CLANG_WARN_ENUM_CONVERSION = YES;
				CLANG_WARN_INFINITE_RECURSION = YES;
				CLANG_WARN_INT_CONVERSION = YES;
				CLANG_WARN_NON_LITERAL_NULL_CONVERSION = YES;
				CLANG_WARN_OBJC_IMPLICIT_RETAIN_SELF = YES;
				CLANG_WARN_OBJC_LITERAL_CONVERSION = YES;
				CLANG_WARN_OBJC_ROOT_CLASS = YES_ERROR;
				CLANG_WARN_QUOTED_INCLUDE_IN_FRAMEWORK_HEADER = YES;
				CLANG_WARN_RANGE_LOOP_ANALYSIS = YES;
				CLANG_WARN_STRICT_PROTOTYPES = YES;
				CLANG_WARN_SUSPICIOUS_MOVE = YES;
				CLANG_WARN_UNGUARDED_AVAILABILITY = YES_AGGRESSIVE;
				CLANG_WARN_UNREACHABLE_CODE = YES;
				CLANG_WARN__DUPLICATE_METHOD_MATCH = YES;
				COPY_PHASE_STRIP = NO;
				DEBUG_INFORMATION_FORMAT = "dwarf-with-dsym";
				ENABLE_NS_ASSERTIONS = NO;
				ENABLE_STRICT_OBJC_MSGSEND = YES;
				ENABLE_USER_SCRIPT_SANDBOXING = YES;
				GCC_C_LANGUAGE_STANDARD = gnu17;
				GCC_NO_COMMON_BLOCKS = YES;
				GCC_WARN_64_TO_32_BIT_CONVERSION = YES;
				GCC_WARN_ABOUT_RETURN_TYPE = YES_ERROR;
				GCC_WARN_UNDECLARED_SELECTOR = YES;
				GCC_WARN_UNINITIALIZED_AUTOS = YES_AGGRESSIVE;
				GCC_WARN_UNUSED_FUNCTION = YES;
				GCC_WARN_UNUSED_VARIABLE = YES;
				IPHONEOS_DEPLOYMENT_TARGET = 17.0;
				LOCALIZATION_PREFERS_STRING_CATALOGS = YES;
				MTL_ENABLE_DEBUG_INFO = NO;
				MTL_FAST_MATH = YES;
				SDKROOT = iphoneos;
				SWIFT_COMPILATION_MODE = wholemodule;
				VALIDATE_PRODUCT = YES;
			};
			name = Release;
		};
		077DC0002B3F37B20024B293 /* Debug */ = {
			isa = XCBuildConfiguration;
			buildSettings = {
				ASSETCATALOG_COMPILER_APPICON_NAME = AppIcon;
				ASSETCATALOG_COMPILER_GLOBAL_ACCENT_COLOR_NAME = AccentColor;
				CODE_SIGN_STYLE = Automatic;
				CURRENT_PROJECT_VERSION = 1;
				DEVELOPMENT_ASSET_PATHS = "\"Dart01/Preview Content\"";
				ENABLE_PREVIEWS = YES;
				GENERATE_INFOPLIST_FILE = YES;
				INFOPLIST_KEY_UIApplicationSceneManifest_Generation = YES;
				INFOPLIST_KEY_UIApplicationSupportsIndirectInputEvents = YES;
				INFOPLIST_KEY_UILaunchScreen_Generation = YES;
				INFOPLIST_KEY_UISupportedInterfaceOrientations_iPad = "UIInterfaceOrientationPortrait UIInterfaceOrientationPortraitUpsideDown UIInterfaceOrientationLandscapeLeft UIInterfaceOrientationLandscapeRight";
				INFOPLIST_KEY_UISupportedInterfaceOrientations_iPhone = "UIInterfaceOrientationPortrait UIInterfaceOrientationLandscapeLeft UIInterfaceOrientationLandscapeRight";
				LD_RUNPATH_SEARCH_PATHS = (
					"$(inherited)",
					"@executable_path/Frameworks",
				);
				MARKETING_VERSION = 1.0;
				PRODUCT_BUNDLE_IDENTIFIER = com.epatts.Dart01;
				PRODUCT_NAME = "$(TARGET_NAME)";
				SWIFT_EMIT_LOC_STRINGS = YES;
				SWIFT_VERSION = 5.0;
				TARGETED_DEVICE_FAMILY = "1,2";
			};
			name = Debug;
		};
		077DC0012B3F37B20024B293 /* Release */ = {
			isa = XCBuildConfiguration;
			buildSettings = {
				ASSETCATALOG_COMPILER_APPICON_NAME = AppIcon;
				ASSETCATALOG_COMPILER_GLOBAL_ACCENT_COLOR_NAME = AccentColor;
				CODE_SIGN_STYLE = Automatic;
				CURRENT_PROJECT_VERSION = 1;
				DEVELOPMENT_ASSET_PATHS = "\"Dart01/Preview Content\"";
				ENABLE_PREVIEWS = YES;
				GENERATE_INFOPLIST_FILE = YES;
				INFOPLIST_KEY_UIApplicationSceneManifest_Generation = YES;
				INFOPLIST_KEY_UIApplicationSupportsIndirectInputEvents = YES;
				INFOPLIST_KEY_UILaunchScreen_Generation = YES;
				INFOPLIST_KEY_UISupportedInterfaceOrientations_iPad = "UIInterfaceOrientationPortrait UIInterfaceOrientationPortraitUpsideDown UIInterfaceOrientationLandscapeLeft UIInterfaceOrientationLandscapeRight";
				INFOPLIST_KEY_UISupportedInterfaceOrientations_iPhone = "UIInterfaceOrientationPortrait UIInterfaceOrientationLandscapeLeft UIInterfaceOrientationLandscapeRight";
				LD_RUNPATH_SEARCH_PATHS = (
					"$(inherited)",
					"@executable_path/Frameworks",
				);
				MARKETING_VERSION = 1.0;
				PRODUCT_BUNDLE_IDENTIFIER = com.epatts.Dart01;
				PRODUCT_NAME = "$(TARGET_NAME)";
				SWIFT_EMIT_LOC_STRINGS = YES;
				SWIFT_VERSION = 5.0;
				TARGETED_DEVICE_FAMILY = "1,2";
			};
			name = Release;
		};
		077DC0032B3F37B20024B293 /* Debug */ = {
			isa = XCBuildConfiguration;
			buildSettings = {
				ALWAYS_EMBED_SWIFT_STANDARD_LIBRARIES = YES;
				BUNDLE_LOADER = "$(TEST_HOST)";
				CODE_SIGN_STYLE = Automatic;
				CURRENT_PROJECT_VERSION = 1;
				GENERATE_INFOPLIST_FILE = YES;
				IPHONEOS_DEPLOYMENT_TARGET = 17.0;
				MARKETING_VERSION = 1.0;
				PRODUCT_BUNDLE_IDENTIFIER = com.epatts.Dart01Tests;
				PRODUCT_NAME = "$(TARGET_NAME)";
				SWIFT_EMIT_LOC_STRINGS = NO;
				SWIFT_VERSION = 5.0;
				TARGETED_DEVICE_FAMILY = "1,2";
				TEST_HOST = "$(BUILT_PRODUCTS_DIR)/Dart01.app/$(BUNDLE_EXECUTABLE_FOLDER_PATH)/Dart01";
			};
			name = Debug;
		};
		077DC0042B3F37B20024B293 /* Release */ = {
			isa = XCBuildConfiguration;
			buildSettings = {
				ALWAYS_EMBED_SWIFT_STANDARD_LIBRARIES = YES;
				BUNDLE_LOADER = "$(TEST_HOST)";
				CODE_SIGN_STYLE = Automatic;
				CURRENT_PROJECT_VERSION = 1;
				GENERATE_INFOPLIST_FILE = YES;
				IPHONEOS_DEPLOYMENT_TARGET = 17.0;
				MARKETING_VERSION = 1.0;
				PRODUCT_BUNDLE_IDENTIFIER = com.epatts.Dart01Tests;
				PRODUCT_NAME = "$(TARGET_NAME)";
				SWIFT_EMIT_LOC_STRINGS = NO;
				SWIFT_VERSION = 5.0;
				TARGETED_DEVICE_FAMILY = "1,2";
				TEST_HOST = "$(BUILT_PRODUCTS_DIR)/Dart01.app/$(BUNDLE_EXECUTABLE_FOLDER_PATH)/Dart01";
			};
			name = Release;
		};
		077DC0062B3F37B20024B293 /* Debug */ = {
			isa = XCBuildConfiguration;
			buildSettings = {
				ALWAYS_EMBED_SWIFT_STANDARD_LIBRARIES = YES;
				CODE_SIGN_STYLE = Automatic;
				CURRENT_PROJECT_VERSION = 1;
				GENERATE_INFOPLIST_FILE = YES;
				MARKETING_VERSION = 1.0;
				PRODUCT_BUNDLE_IDENTIFIER = com.epatts.Dart01UITests;
				PRODUCT_NAME = "$(TARGET_NAME)";
				SWIFT_EMIT_LOC_STRINGS = NO;
				SWIFT_VERSION = 5.0;
				TARGETED_DEVICE_FAMILY = "1,2";
				TEST_TARGET_NAME = Dart01;
			};
			name = Debug;
		};
		077DC0072B3F37B20024B293 /* Release */ = {
			isa = XCBuildConfiguration;
			buildSettings = {
				ALWAYS_EMBED_SWIFT_STANDARD_LIBRARIES = YES;
				CODE_SIGN_STYLE = Automatic;
				CURRENT_PROJECT_VERSION = 1;
				GENERATE_INFOPLIST_FILE = YES;
				MARKETING_VERSION = 1.0;
				PRODUCT_BUNDLE_IDENTIFIER = com.epatts.Dart01UITests;
				PRODUCT_NAME = "$(TARGET_NAME)";
				SWIFT_EMIT_LOC_STRINGS = NO;
				SWIFT_VERSION = 5.0;
				TARGETED_DEVICE_FAMILY = "1,2";
				TEST_TARGET_NAME = Dart01;
			};
			name = Release;
		};
/* End XCBuildConfiguration section */

/* Begin XCConfigurationList section */
		077DBFD62B3F37AF0024B293 /* Build configuration list for PBXProject "Dart01" */ = {
			isa = XCConfigurationList;
			buildConfigurations = (
				077DBFFD2B3F37B20024B293 /* Debug */,
				077DBFFE2B3F37B20024B293 /* Release */,
			);
			defaultConfigurationIsVisible = 0;
			defaultConfigurationName = Release;
		};
		077DBFFF2B3F37B20024B293 /* Build configuration list for PBXNativeTarget "Dart01" */ = {
			isa = XCConfigurationList;
			buildConfigurations = (
				077DC0002B3F37B20024B293 /* Debug */,
				077DC0012B3F37B20024B293 /* Release */,
			);
			defaultConfigurationIsVisible = 0;
			defaultConfigurationName = Release;
		};
		077DC0022B3F37B20024B293 /* Build configuration list for PBXNativeTarget "Dart01Tests" */ = {
			isa = XCConfigurationList;
			buildConfigurations = (
				077DC0032B3F37B20024B293 /* Debug */,
				077DC0042B3F37B20024B293 /* Release */,
			);
			defaultConfigurationIsVisible = 0;
			defaultConfigurationName = Release;
		};
		077DC0052B3F37B20024B293 /* Build configuration list for PBXNativeTarget "Dart01UITests" */ = {
			isa = XCConfigurationList;
			buildConfigurations = (
				077DC0062B3F37B20024B293 /* Debug */,
				077DC0072B3F37B20024B293 /* Release */,
			);
			defaultConfigurationIsVisible = 0;
			defaultConfigurationName = Release;
		};
/* End XCConfigurationList section */
	};
	rootObject = 077DBFD32B3F37AF0024B293 /* Project object */;
}
