// !$*UTF8*$!
{
	archiveVersion = 1;
	classes = {
	};
	objectVersion = 56;
	objects = {

/* Begin PBXBuildFile section */
		077D45952B48A11B000831B0 /* ScoreView.swift in Sources */ = {isa = PBXBuildFile; fileRef = 077D45942B48A11B000831B0 /* ScoreView.swift */; };
		077D45972B48A209000831B0 /* NumberPad.swift in Sources */ = {isa = PBXBuildFile; fileRef = 077D45962B48A209000831B0 /* NumberPad.swift */; };
		077D45992B48A4FF000831B0 /* CommonScoresPad.swift in Sources */ = {isa = PBXBuildFile; fileRef = 077D45982B48A4FF000831B0 /* CommonScoresPad.swift */; };
		077D459B2B48A5F6000831B0 /* InGameStatsBar.swift in Sources */ = {isa = PBXBuildFile; fileRef = 077D459A2B48A5F6000831B0 /* InGameStatsBar.swift */; };
		077DBFDF2B3F37AF0024B293 /* Dart01App.swift in Sources */ = {isa = PBXBuildFile; fileRef = 077DBFDE2B3F37AF0024B293 /* Dart01App.swift */; };
		077DBFE12B3F37AF0024B293 /* ContentView.swift in Sources */ = {isa = PBXBuildFile; fileRef = 077DBFE02B3F37AF0024B293 /* ContentView.swift */; };
		077DBFE32B3F37B20024B293 /* Assets.xcassets in Resources */ = {isa = PBXBuildFile; fileRef = 077DBFE22B3F37B20024B293 /* Assets.xcassets */; };
		077DBFE62B3F37B20024B293 /* Preview Assets.xcassets in Resources */ = {isa = PBXBuildFile; fileRef = 077DBFE52B3F37B20024B293 /* Preview Assets.xcassets */; };
		077DBFF02B3F37B20024B293 /* Dart01Tests.swift in Sources */ = {isa = PBXBuildFile; fileRef = 077DBFEF2B3F37B20024B293 /* Dart01Tests.swift */; };
		077DBFFA2B3F37B20024B293 /* Dart01UITests.swift in Sources */ = {isa = PBXBuildFile; fileRef = 077DBFF92B3F37B20024B293 /* Dart01UITests.swift */; };
		077DBFFC2B3F37B20024B293 /* Dart01UITestsLaunchTests.swift in Sources */ = {isa = PBXBuildFile; fileRef = 077DBFFB2B3F37B20024B293 /* Dart01UITestsLaunchTests.swift */; };
		077DC00B2B3F546C0024B293 /* TouchRecognizer.swift in Sources */ = {isa = PBXBuildFile; fileRef = 077DC00A2B3F546C0024B293 /* TouchRecognizer.swift */; };
		077DC00D2B3F5B060024B293 /* ScoreViewModel.swift in Sources */ = {isa = PBXBuildFile; fileRef = 077DC00C2B3F5B060024B293 /* ScoreViewModel.swift */; };
		07E6F95F2B4231D900F69020 /* Theme.swift in Sources */ = {isa = PBXBuildFile; fileRef = 07E6F95E2B4231D900F69020 /* Theme.swift */; };
		07E6F9612B42320300F69020 /* Color+.swift in Sources */ = {isa = PBXBuildFile; fileRef = 07E6F9602B42320300F69020 /* Color+.swift */; };
		07E6F9762B4737CE00F69020 /* Raleway-Thin.ttf in Resources */ = {isa = PBXBuildFile; fileRef = 07E6F9642B4737CD00F69020 /* Raleway-Thin.ttf */; };
		07E6F9772B4737CE00F69020 /* Raleway-MediumItalic.ttf in Resources */ = {isa = PBXBuildFile; fileRef = 07E6F9652B4737CD00F69020 /* Raleway-MediumItalic.ttf */; };
		07E6F9782B4737CE00F69020 /* Raleway-ExtraLight.ttf in Resources */ = {isa = PBXBuildFile; fileRef = 07E6F9662B4737CD00F69020 /* Raleway-ExtraLight.ttf */; };
		07E6F9792B4737CE00F69020 /* Raleway-LightItalic.ttf in Resources */ = {isa = PBXBuildFile; fileRef = 07E6F9672B4737CD00F69020 /* Raleway-LightItalic.ttf */; };
		07E6F97A2B4737CE00F69020 /* Raleway-ExtraBoldItalic.ttf in Resources */ = {isa = PBXBuildFile; fileRef = 07E6F9682B4737CD00F69020 /* Raleway-ExtraBoldItalic.ttf */; };
		07E6F97B2B4737CE00F69020 /* Raleway-Black.ttf in Resources */ = {isa = PBXBuildFile; fileRef = 07E6F9692B4737CD00F69020 /* Raleway-Black.ttf */; };
		07E6F97C2B4737CE00F69020 /* Raleway-ExtraBold.ttf in Resources */ = {isa = PBXBuildFile; fileRef = 07E6F96A2B4737CD00F69020 /* Raleway-ExtraBold.ttf */; };
		07E6F97D2B4737CE00F69020 /* Raleway-Regular.ttf in Resources */ = {isa = PBXBuildFile; fileRef = 07E6F96B2B4737CD00F69020 /* Raleway-Regular.ttf */; };
		07E6F97E2B4737CE00F69020 /* Raleway-BlackItalic.ttf in Resources */ = {isa = PBXBuildFile; fileRef = 07E6F96C2B4737CD00F69020 /* Raleway-BlackItalic.ttf */; };
		07E6F97F2B4737CE00F69020 /* Raleway-Light.ttf in Resources */ = {isa = PBXBuildFile; fileRef = 07E6F96D2B4737CE00F69020 /* Raleway-Light.ttf */; };
		07E6F9802B4737CE00F69020 /* Raleway-BoldItalic.ttf in Resources */ = {isa = PBXBuildFile; fileRef = 07E6F96E2B4737CE00F69020 /* Raleway-BoldItalic.ttf */; };
		07E6F9812B4737CE00F69020 /* Raleway-SemiBold.ttf in Resources */ = {isa = PBXBuildFile; fileRef = 07E6F96F2B4737CE00F69020 /* Raleway-SemiBold.ttf */; };
		07E6F9822B4737CE00F69020 /* Raleway-ExtraLightItalic.ttf in Resources */ = {isa = PBXBuildFile; fileRef = 07E6F9702B4737CE00F69020 /* Raleway-ExtraLightItalic.ttf */; };
		07E6F9832B4737CE00F69020 /* Raleway-Italic.ttf in Resources */ = {isa = PBXBuildFile; fileRef = 07E6F9712B4737CE00F69020 /* Raleway-Italic.ttf */; };
		07E6F9842B4737CE00F69020 /* Raleway-SemiBoldItalic.ttf in Resources */ = {isa = PBXBuildFile; fileRef = 07E6F9722B4737CE00F69020 /* Raleway-SemiBoldItalic.ttf */; };
		07E6F9852B4737CE00F69020 /* Raleway-ThinItalic.ttf in Resources */ = {isa = PBXBuildFile; fileRef = 07E6F9732B4737CE00F69020 /* Raleway-ThinItalic.ttf */; };
		07E6F9862B4737CE00F69020 /* Raleway-Bold.ttf in Resources */ = {isa = PBXBuildFile; fileRef = 07E6F9742B4737CE00F69020 /* Raleway-Bold.ttf */; };
		07E6F9872B4737CE00F69020 /* Raleway-Medium.ttf in Resources */ = {isa = PBXBuildFile; fileRef = 07E6F9752B4737CE00F69020 /* Raleway-Medium.ttf */; };
		07E6F9892B47573600F69020 /* Todo.rtf in Resources */ = {isa = PBXBuildFile; fileRef = 07E6F9882B47573600F69020 /* Todo.rtf */; };
/* End PBXBuildFile section */

/* Begin PBXContainerItemProxy section */
		077DBFEC2B3F37B20024B293 /* PBXContainerItemProxy */ = {
			isa = PBXContainerItemProxy;
			containerPortal = 077DBFD32B3F37AF0024B293 /* Project object */;
			proxyType = 1;
			remoteGlobalIDString = 077DBFDA2B3F37AF0024B293;
			remoteInfo = Dart01;
		};
		077DBFF62B3F37B20024B293 /* PBXContainerItemProxy */ = {
			isa = PBXContainerItemProxy;
			containerPortal = 077DBFD32B3F37AF0024B293 /* Project object */;
			proxyType = 1;
			remoteGlobalIDString = 077DBFDA2B3F37AF0024B293;
			remoteInfo = Dart01;
		};
/* End PBXContainerItemProxy section */

/* Begin PBXFileReference section */
		077D45942B48A11B000831B0 /* ScoreView.swift */ = {isa = PBXFileReference; lastKnownFileType = sourcecode.swift; path = ScoreView.swift; sourceTree = "<group>"; };
		077D45962B48A209000831B0 /* NumberPad.swift */ = {isa = PBXFileReference; lastKnownFileType = sourcecode.swift; path = NumberPad.swift; sourceTree = "<group>"; };
		077D45982B48A4FF000831B0 /* CommonScoresPad.swift */ = {isa = PBXFileReference; lastKnownFileType = sourcecode.swift; path = CommonScoresPad.swift; sourceTree = "<group>"; };
		077D459A2B48A5F6000831B0 /* InGameStatsBar.swift */ = {isa = PBXFileReference; lastKnownFileType = sourcecode.swift; path = InGameStatsBar.swift; sourceTree = "<group>"; };
		077DBFDB2B3F37AF0024B293 /* Dart01.app */ = {isa = PBXFileReference; explicitFileType = wrapper.application; includeInIndex = 0; path = Dart01.app; sourceTree = BUILT_PRODUCTS_DIR; };
		077DBFDE2B3F37AF0024B293 /* Dart01App.swift */ = {isa = PBXFileReference; lastKnownFileType = sourcecode.swift; path = Dart01App.swift; sourceTree = "<group>"; };
		077DBFE02B3F37AF0024B293 /* ContentView.swift */ = {isa = PBXFileReference; lastKnownFileType = sourcecode.swift; path = ContentView.swift; sourceTree = "<group>"; };
		077DBFE22B3F37B20024B293 /* Assets.xcassets */ = {isa = PBXFileReference; lastKnownFileType = folder.assetcatalog; path = Assets.xcassets; sourceTree = "<group>"; };
		077DBFE52B3F37B20024B293 /* Preview Assets.xcassets */ = {isa = PBXFileReference; lastKnownFileType = folder.assetcatalog; path = "Preview Assets.xcassets"; sourceTree = "<group>"; };
		077DBFEB2B3F37B20024B293 /* Dart01Tests.xctest */ = {isa = PBXFileReference; explicitFileType = wrapper.cfbundle; includeInIndex = 0; path = Dart01Tests.xctest; sourceTree = BUILT_PRODUCTS_DIR; };
		077DBFEF2B3F37B20024B293 /* Dart01Tests.swift */ = {isa = PBXFileReference; lastKnownFileType = sourcecode.swift; path = Dart01Tests.swift; sourceTree = "<group>"; };
		077DBFF52B3F37B20024B293 /* Dart01UITests.xctest */ = {isa = PBXFileReference; explicitFileType = wrapper.cfbundle; includeInIndex = 0; path = Dart01UITests.xctest; sourceTree = BUILT_PRODUCTS_DIR; };
		077DBFF92B3F37B20024B293 /* Dart01UITests.swift */ = {isa = PBXFileReference; lastKnownFileType = sourcecode.swift; path = Dart01UITests.swift; sourceTree = "<group>"; };
		077DBFFB2B3F37B20024B293 /* Dart01UITestsLaunchTests.swift */ = {isa = PBXFileReference; lastKnownFileType = sourcecode.swift; path = Dart01UITestsLaunchTests.swift; sourceTree = "<group>"; };
		077DC00A2B3F546C0024B293 /* TouchRecognizer.swift */ = {isa = PBXFileReference; lastKnownFileType = sourcecode.swift; path = TouchRecognizer.swift; sourceTree = "<group>"; };
		077DC00C2B3F5B060024B293 /* ScoreViewModel.swift */ = {isa = PBXFileReference; lastKnownFileType = sourcecode.swift; path = ScoreViewModel.swift; sourceTree = "<group>"; };
		07E6F95E2B4231D900F69020 /* Theme.swift */ = {isa = PBXFileReference; lastKnownFileType = sourcecode.swift; path = Theme.swift; sourceTree = "<group>"; };
		07E6F9602B42320300F69020 /* Color+.swift */ = {isa = PBXFileReference; lastKnownFileType = sourcecode.swift; path = "Color+.swift"; sourceTree = "<group>"; };
		07E6F9622B47364A00F69020 /* Info.plist */ = {isa = PBXFileReference; lastKnownFileType = text.plist; path = Info.plist; sourceTree = "<group>"; };
		07E6F9642B4737CD00F69020 /* Raleway-Thin.ttf */ = {isa = PBXFileReference; lastKnownFileType = file; path = "Raleway-Thin.ttf"; sourceTree = "<group>"; };
		07E6F9652B4737CD00F69020 /* Raleway-MediumItalic.ttf */ = {isa = PBXFileReference; lastKnownFileType = file; path = "Raleway-MediumItalic.ttf"; sourceTree = "<group>"; };
		07E6F9662B4737CD00F69020 /* Raleway-ExtraLight.ttf */ = {isa = PBXFileReference; lastKnownFileType = file; path = "Raleway-ExtraLight.ttf"; sourceTree = "<group>"; };
		07E6F9672B4737CD00F69020 /* Raleway-LightItalic.ttf */ = {isa = PBXFileReference; lastKnownFileType = file; path = "Raleway-LightItalic.ttf"; sourceTree = "<group>"; };
		07E6F9682B4737CD00F69020 /* Raleway-ExtraBoldItalic.ttf */ = {isa = PBXFileReference; lastKnownFileType = file; path = "Raleway-ExtraBoldItalic.ttf"; sourceTree = "<group>"; };
		07E6F9692B4737CD00F69020 /* Raleway-Black.ttf */ = {isa = PBXFileReference; lastKnownFileType = file; path = "Raleway-Black.ttf"; sourceTree = "<group>"; };
		07E6F96A2B4737CD00F69020 /* Raleway-ExtraBold.ttf */ = {isa = PBXFileReference; lastKnownFileType = file; path = "Raleway-ExtraBold.ttf"; sourceTree = "<group>"; };
		07E6F96B2B4737CD00F69020 /* Raleway-Regular.ttf */ = {isa = PBXFileReference; lastKnownFileType = file; path = "Raleway-Regular.ttf"; sourceTree = "<group>"; };
		07E6F96C2B4737CD00F69020 /* Raleway-BlackItalic.ttf */ = {isa = PBXFileReference; lastKnownFileType = file; path = "Raleway-BlackItalic.ttf"; sourceTree = "<group>"; };
		07E6F96D2B4737CE00F69020 /* Raleway-Light.ttf */ = {isa = PBXFileReference; lastKnownFileType = file; path = "Raleway-Light.ttf"; sourceTree = "<group>"; };
		07E6F96E2B4737CE00F69020 /* Raleway-BoldItalic.ttf */ = {isa = PBXFileReference; lastKnownFileType = file; path = "Raleway-BoldItalic.ttf"; sourceTree = "<group>"; };
		07E6F96F2B4737CE00F69020 /* Raleway-SemiBold.ttf */ = {isa = PBXFileReference; lastKnownFileType = file; path = "Raleway-SemiBold.ttf"; sourceTree = "<group>"; };
		07E6F9702B4737CE00F69020 /* Raleway-ExtraLightItalic.ttf */ = {isa = PBXFileReference; lastKnownFileType = file; path = "Raleway-ExtraLightItalic.ttf"; sourceTree = "<group>"; };
		07E6F9712B4737CE00F69020 /* Raleway-Italic.ttf */ = {isa = PBXFileReference; lastKnownFileType = file; path = "Raleway-Italic.ttf"; sourceTree = "<group>"; };
		07E6F9722B4737CE00F69020 /* Raleway-SemiBoldItalic.ttf */ = {isa = PBXFileReference; lastKnownFileType = file; path = "Raleway-SemiBoldItalic.ttf"; sourceTree = "<group>"; };
		07E6F9732B4737CE00F69020 /* Raleway-ThinItalic.ttf */ = {isa = PBXFileReference; lastKnownFileType = file; path = "Raleway-ThinItalic.ttf"; sourceTree = "<group>"; };
		07E6F9742B4737CE00F69020 /* Raleway-Bold.ttf */ = {isa = PBXFileReference; lastKnownFileType = file; path = "Raleway-Bold.ttf"; sourceTree = "<group>"; };
		07E6F9752B4737CE00F69020 /* Raleway-Medium.ttf */ = {isa = PBXFileReference; lastKnownFileType = file; path = "Raleway-Medium.ttf"; sourceTree = "<group>"; };
		07E6F9882B47573600F69020 /* Todo.rtf */ = {isa = PBXFileReference; lastKnownFileType = text.rtf; path = Todo.rtf; sourceTree = "<group>"; };
/* End PBXFileReference section */

/* Begin PBXFrameworksBuildPhase section */
		077DBFD82B3F37AF0024B293 /* Frameworks */ = {
			isa = PBXFrameworksBuildPhase;
			buildActionMask = 2147483647;
			files = (
			);
			runOnlyForDeploymentPostprocessing = 0;
		};
		077DBFE82B3F37B20024B293 /* Frameworks */ = {
			isa = PBXFrameworksBuildPhase;
			buildActionMask = 2147483647;
			files = (
			);
			runOnlyForDeploymentPostprocessing = 0;
		};
		077DBFF22B3F37B20024B293 /* Frameworks */ = {
			isa = PBXFrameworksBuildPhase;
			buildActionMask = 2147483647;
			files = (
			);
			runOnlyForDeploymentPostprocessing = 0;
		};
/* End PBXFrameworksBuildPhase section */

/* Begin PBXGroup section */
		077D45932B48A103000831B0 /* View */ = {
			isa = PBXGroup;
			children = (
				077DBFE02B3F37AF0024B293 /* ContentView.swift */,
				077D45942B48A11B000831B0 /* ScoreView.swift */,
				077D45962B48A209000831B0 /* NumberPad.swift */,
				077D45982B48A4FF000831B0 /* CommonScoresPad.swift */,
				077D459A2B48A5F6000831B0 /* InGameStatsBar.swift */,
			);
			path = View;
			sourceTree = "<group>";
		};
		077DBFD22B3F37AF0024B293 = {
			isa = PBXGroup;
			children = (
				077DBFDD2B3F37AF0024B293 /* Dart01 */,
				077DBFEE2B3F37B20024B293 /* Dart01Tests */,
				077DBFF82B3F37B20024B293 /* Dart01UITests */,
				077DBFDC2B3F37AF0024B293 /* Products */,
			);
			sourceTree = "<group>";
		};
		077DBFDC2B3F37AF0024B293 /* Products */ = {
			isa = PBXGroup;
			children = (
				077DBFDB2B3F37AF0024B293 /* Dart01.app */,
				077DBFEB2B3F37B20024B293 /* Dart01Tests.xctest */,
				077DBFF52B3F37B20024B293 /* Dart01UITests.xctest */,
			);
			name = Products;
			sourceTree = "<group>";
		};
		077DBFDD2B3F37AF0024B293 /* Dart01 */ = {
			isa = PBXGroup;
			children = (
				077D45932B48A103000831B0 /* View */,
				07E6F9632B4736E300F69020 /* Fonts */,
				07E6F9622B47364A00F69020 /* Info.plist */,
				077DBFDE2B3F37AF0024B293 /* Dart01App.swift */,
				077DBFE22B3F37B20024B293 /* Assets.xcassets */,
				077DBFE42B3F37B20024B293 /* Preview Content */,
				077DC00A2B3F546C0024B293 /* TouchRecognizer.swift */,
				077DC00C2B3F5B060024B293 /* ScoreViewModel.swift */,
				07E6F95E2B4231D900F69020 /* Theme.swift */,
				07E6F9602B42320300F69020 /* Color+.swift */,
				07E6F9882B47573600F69020 /* Todo.rtf */,
			);
			path = Dart01;
			sourceTree = "<group>";
		};
		077DBFE42B3F37B20024B293 /* Preview Content */ = {
			isa = PBXGroup;
			children = (
				077DBFE52B3F37B20024B293 /* Preview Assets.xcassets */,
			);
			path = "Preview Content";
			sourceTree = "<group>";
		};
		077DBFEE2B3F37B20024B293 /* Dart01Tests */ = {
			isa = PBXGroup;
			children = (
				077DBFEF2B3F37B20024B293 /* Dart01Tests.swift */,
			);
			path = Dart01Tests;
			sourceTree = "<group>";
		};
		077DBFF82B3F37B20024B293 /* Dart01UITests */ = {
			isa = PBXGroup;
			children = (
				077DBFF92B3F37B20024B293 /* Dart01UITests.swift */,
				077DBFFB2B3F37B20024B293 /* Dart01UITestsLaunchTests.swift */,
			);
			path = Dart01UITests;
			sourceTree = "<group>";
		};
		07E6F9632B4736E300F69020 /* Fonts */ = {
			isa = PBXGroup;
			children = (
				07E6F9692B4737CD00F69020 /* Raleway-Black.ttf */,
				07E6F96C2B4737CD00F69020 /* Raleway-BlackItalic.ttf */,
				07E6F9742B4737CE00F69020 /* Raleway-Bold.ttf */,
				07E6F96E2B4737CE00F69020 /* Raleway-BoldItalic.ttf */,
				07E6F96A2B4737CD00F69020 /* Raleway-ExtraBold.ttf */,
				07E6F9682B4737CD00F69020 /* Raleway-ExtraBoldItalic.ttf */,
				07E6F9662B4737CD00F69020 /* Raleway-ExtraLight.ttf */,
				07E6F9702B4737CE00F69020 /* Raleway-ExtraLightItalic.ttf */,
				07E6F9712B4737CE00F69020 /* Raleway-Italic.ttf */,
				07E6F96D2B4737CE00F69020 /* Raleway-Light.ttf */,
				07E6F9672B4737CD00F69020 /* Raleway-LightItalic.ttf */,
				07E6F9752B4737CE00F69020 /* Raleway-Medium.ttf */,
				07E6F9652B4737CD00F69020 /* Raleway-MediumItalic.ttf */,
				07E6F96B2B4737CD00F69020 /* Raleway-Regular.ttf */,
				07E6F96F2B4737CE00F69020 /* Raleway-SemiBold.ttf */,
				07E6F9722B4737CE00F69020 /* Raleway-SemiBoldItalic.ttf */,
				07E6F9642B4737CD00F69020 /* Raleway-Thin.ttf */,
				07E6F9732B4737CE00F69020 /* Raleway-ThinItalic.ttf */,
			);
			path = Fonts;
			sourceTree = "<group>";
		};
/* End PBXGroup section */

/* Begin PBXNativeTarget section */
		077DBFDA2B3F37AF0024B293 /* Dart01 */ = {
			isa = PBXNativeTarget;
			buildConfigurationList = 077DBFFF2B3F37B20024B293 /* Build configuration list for PBXNativeTarget "Dart01" */;
			buildPhases = (
				077DBFD72B3F37AF0024B293 /* Sources */,
				077DBFD82B3F37AF0024B293 /* Frameworks */,
				077DBFD92B3F37AF0024B293 /* Resources */,
			);
			buildRules = (
			);
			dependencies = (
			);
			name = Dart01;
			productName = Dart01;
			productReference = 077DBFDB2B3F37AF0024B293 /* Dart01.app */;
			productType = "com.apple.product-type.application";
		};
		077DBFEA2B3F37B20024B293 /* Dart01Tests */ = {
			isa = PBXNativeTarget;
			buildConfigurationList = 077DC0022B3F37B20024B293 /* Build configuration list for PBXNativeTarget "Dart01Tests" */;
			buildPhases = (
				077DBFE72B3F37B20024B293 /* Sources */,
				077DBFE82B3F37B20024B293 /* Frameworks */,
				077DBFE92B3F37B20024B293 /* Resources */,
			);
			buildRules = (
			);
			dependencies = (
				077DBFED2B3F37B20024B293 /* PBXTargetDependency */,
			);
			name = Dart01Tests;
			productName = Dart01Tests;
			productReference = 077DBFEB2B3F37B20024B293 /* Dart01Tests.xctest */;
			productType = "com.apple.product-type.bundle.unit-test";
		};
		077DBFF42B3F37B20024B293 /* Dart01UITests */ = {
			isa = PBXNativeTarget;
			buildConfigurationList = 077DC0052B3F37B20024B293 /* Build configuration list for PBXNativeTarget "Dart01UITests" */;
			buildPhases = (
				077DBFF12B3F37B20024B293 /* Sources */,
				077DBFF22B3F37B20024B293 /* Frameworks */,
				077DBFF32B3F37B20024B293 /* Resources */,
			);
			buildRules = (
			);
			dependencies = (
				077DBFF72B3F37B20024B293 /* PBXTargetDependency */,
			);
			name = Dart01UITests;
			productName = Dart01UITests;
			productReference = 077DBFF52B3F37B20024B293 /* Dart01UITests.xctest */;
			productType = "com.apple.product-type.bundle.ui-testing";
		};
/* End PBXNativeTarget section */

/* Begin PBXProject section */
		077DBFD32B3F37AF0024B293 /* Project object */ = {
			isa = PBXProject;
			attributes = {
				BuildIndependentTargetsInParallel = 1;
				LastSwiftUpdateCheck = 1500;
				LastUpgradeCheck = 1500;
				TargetAttributes = {
					077DBFDA2B3F37AF0024B293 = {
						CreatedOnToolsVersion = 15.0.1;
					};
					077DBFEA2B3F37B20024B293 = {
						CreatedOnToolsVersion = 15.0.1;
						TestTargetID = 077DBFDA2B3F37AF0024B293;
					};
					077DBFF42B3F37B20024B293 = {
						CreatedOnToolsVersion = 15.0.1;
						TestTargetID = 077DBFDA2B3F37AF0024B293;
					};
				};
			};
			buildConfigurationList = 077DBFD62B3F37AF0024B293 /* Build configuration list for PBXProject "Dart01" */;
			compatibilityVersion = "Xcode 14.0";
			developmentRegion = en;
			hasScannedForEncodings = 0;
			knownRegions = (
				en,
				Base,
			);
			mainGroup = 077DBFD22B3F37AF0024B293;
			productRefGroup = 077DBFDC2B3F37AF0024B293 /* Products */;
			projectDirPath = "";
			projectRoot = "";
			targets = (
				077DBFDA2B3F37AF0024B293 /* Dart01 */,
				077DBFEA2B3F37B20024B293 /* Dart01Tests */,
				077DBFF42B3F37B20024B293 /* Dart01UITests */,
			);
		};
/* End PBXProject section */

/* Begin PBXResourcesBuildPhase section */
		077DBFD92B3F37AF0024B293 /* Resources */ = {
			isa = PBXResourcesBuildPhase;
			buildActionMask = 2147483647;
			files = (
				07E6F9822B4737CE00F69020 /* Raleway-ExtraLightItalic.ttf in Resources */,
				07E6F97A2B4737CE00F69020 /* Raleway-ExtraBoldItalic.ttf in Resources */,
				07E6F97D2B4737CE00F69020 /* Raleway-Regular.ttf in Resources */,
				07E6F9842B4737CE00F69020 /* Raleway-SemiBoldItalic.ttf in Resources */,
				07E6F9762B4737CE00F69020 /* Raleway-Thin.ttf in Resources */,
				07E6F9852B4737CE00F69020 /* Raleway-ThinItalic.ttf in Resources */,
				07E6F97F2B4737CE00F69020 /* Raleway-Light.ttf in Resources */,
				07E6F9772B4737CE00F69020 /* Raleway-MediumItalic.ttf in Resources */,
				07E6F9832B4737CE00F69020 /* Raleway-Italic.ttf in Resources */,
				07E6F9802B4737CE00F69020 /* Raleway-BoldItalic.ttf in Resources */,
				07E6F9782B4737CE00F69020 /* Raleway-ExtraLight.ttf in Resources */,
				07E6F9862B4737CE00F69020 /* Raleway-Bold.ttf in Resources */,
				07E6F97B2B4737CE00F69020 /* Raleway-Black.ttf in Resources */,
				077DBFE62B3F37B20024B293 /* Preview Assets.xcassets in Resources */,
				07E6F97C2B4737CE00F69020 /* Raleway-ExtraBold.ttf in Resources */,
				07E6F97E2B4737CE00F69020 /* Raleway-BlackItalic.ttf in Resources */,
				077DBFE32B3F37B20024B293 /* Assets.xcassets in Resources */,
				07E6F9892B47573600F69020 /* Todo.rtf in Resources */,
				07E6F9872B4737CE00F69020 /* Raleway-Medium.ttf in Resources */,
				07E6F9792B4737CE00F69020 /* Raleway-LightItalic.ttf in Resources */,
				07E6F9812B4737CE00F69020 /* Raleway-SemiBold.ttf in Resources */,
			);
			runOnlyForDeploymentPostprocessing = 0;
		};
		077DBFE92B3F37B20024B293 /* Resources */ = {
			isa = PBXResourcesBuildPhase;
			buildActionMask = 2147483647;
			files = (
			);
			runOnlyForDeploymentPostprocessing = 0;
		};
		077DBFF32B3F37B20024B293 /* Resources */ = {
			isa = PBXResourcesBuildPhase;
			buildActionMask = 2147483647;
			files = (
			);
			runOnlyForDeploymentPostprocessing = 0;
		};
/* End PBXResourcesBuildPhase section */

/* Begin PBXSourcesBuildPhase section */
		077DBFD72B3F37AF0024B293 /* Sources */ = {
			isa = PBXSourcesBuildPhase;
			buildActionMask = 2147483647;
			files = (
				077D45972B48A209000831B0 /* NumberPad.swift in Sources */,
				07E6F9612B42320300F69020 /* Color+.swift in Sources */,
				077DBFE12B3F37AF0024B293 /* ContentView.swift in Sources */,
				077DC00D2B3F5B060024B293 /* ScoreViewModel.swift in Sources */,
				077DBFDF2B3F37AF0024B293 /* Dart01App.swift in Sources */,
				077D45952B48A11B000831B0 /* ScoreView.swift in Sources */,
				07E6F95F2B4231D900F69020 /* Theme.swift in Sources */,
				077DC00B2B3F546C0024B293 /* TouchRecognizer.swift in Sources */,
				077D459B2B48A5F6000831B0 /* InGameStatsBar.swift in Sources */,
				077D45992B48A4FF000831B0 /* CommonScoresPad.swift in Sources */,
			);
			runOnlyForDeploymentPostprocessing = 0;
		};
		077DBFE72B3F37B20024B293 /* Sources */ = {
			isa = PBXSourcesBuildPhase;
			buildActionMask = 2147483647;
			files = (
				077DBFF02B3F37B20024B293 /* Dart01Tests.swift in Sources */,
			);
			runOnlyForDeploymentPostprocessing = 0;
		};
		077DBFF12B3F37B20024B293 /* Sources */ = {
			isa = PBXSourcesBuildPhase;
			buildActionMask = 2147483647;
			files = (
				077DBFFC2B3F37B20024B293 /* Dart01UITestsLaunchTests.swift in Sources */,
				077DBFFA2B3F37B20024B293 /* Dart01UITests.swift in Sources */,
			);
			runOnlyForDeploymentPostprocessing = 0;
		};
/* End PBXSourcesBuildPhase section */

/* Begin PBXTargetDependency section */
		077DBFED2B3F37B20024B293 /* PBXTargetDependency */ = {
			isa = PBXTargetDependency;
			target = 077DBFDA2B3F37AF0024B293 /* Dart01 */;
			targetProxy = 077DBFEC2B3F37B20024B293 /* PBXContainerItemProxy */;
		};
		077DBFF72B3F37B20024B293 /* PBXTargetDependency */ = {
			isa = PBXTargetDependency;
			target = 077DBFDA2B3F37AF0024B293 /* Dart01 */;
			targetProxy = 077DBFF62B3F37B20024B293 /* PBXContainerItemProxy */;
		};
/* End PBXTargetDependency section */

/* Begin XCBuildConfiguration section */
		077DBFFD2B3F37B20024B293 /* Debug */ = {
			isa = XCBuildConfiguration;
			buildSettings = {
				ALWAYS_SEARCH_USER_PATHS = NO;
				ASSETCATALOG_COMPILER_GENERATE_SWIFT_ASSET_SYMBOL_EXTENSIONS = YES;
				CLANG_ANALYZER_NONNULL = YES;
				CLANG_ANALYZER_NUMBER_OBJECT_CONVERSION = YES_AGGRESSIVE;
				CLANG_CXX_LANGUAGE_STANDARD = "gnu++20";
				CLANG_ENABLE_MODULES = YES;
				CLANG_ENABLE_OBJC_ARC = YES;
				CLANG_ENABLE_OBJC_WEAK = YES;
				CLANG_WARN_BLOCK_CAPTURE_AUTORELEASING = YES;
				CLANG_WARN_BOOL_CONVERSION = YES;
				CLANG_WARN_COMMA = YES;
				CLANG_WARN_CONSTANT_CONVERSION = YES;
				CLANG_WARN_DEPRECATED_OBJC_IMPLEMENTATIONS = YES;
				CLANG_WARN_DIRECT_OBJC_ISA_USAGE = YES_ERROR;
				CLANG_WARN_DOCUMENTATION_COMMENTS = YES;
				CLANG_WARN_EMPTY_BODY = YES;
				CLANG_WARN_ENUM_CONVERSION = YES;
				CLANG_WARN_INFINITE_RECURSION = YES;
				CLANG_WARN_INT_CONVERSION = YES;
				CLANG_WARN_NON_LITERAL_NULL_CONVERSION = YES;
				CLANG_WARN_OBJC_IMPLICIT_RETAIN_SELF = YES;
				CLANG_WARN_OBJC_LITERAL_CONVERSION = YES;
				CLANG_WARN_OBJC_ROOT_CLASS = YES_ERROR;
				CLANG_WARN_QUOTED_INCLUDE_IN_FRAMEWORK_HEADER = YES;
				CLANG_WARN_RANGE_LOOP_ANALYSIS = YES;
				CLANG_WARN_STRICT_PROTOTYPES = YES;
				CLANG_WARN_SUSPICIOUS_MOVE = YES;
				CLANG_WARN_UNGUARDED_AVAILABILITY = YES_AGGRESSIVE;
				CLANG_WARN_UNREACHABLE_CODE = YES;
				CLANG_WARN__DUPLICATE_METHOD_MATCH = YES;
				COPY_PHASE_STRIP = NO;
				DEBUG_INFORMATION_FORMAT = dwarf;
				ENABLE_STRICT_OBJC_MSGSEND = YES;
				ENABLE_TESTABILITY = YES;
				ENABLE_USER_SCRIPT_SANDBOXING = YES;
				GCC_C_LANGUAGE_STANDARD = gnu17;
				GCC_DYNAMIC_NO_PIC = NO;
				GCC_NO_COMMON_BLOCKS = YES;
				GCC_OPTIMIZATION_LEVEL = 0;
				GCC_PREPROCESSOR_DEFINITIONS = (
					"DEBUG=1",
					"$(inherited)",
				);
				GCC_WARN_64_TO_32_BIT_CONVERSION = YES;
				GCC_WARN_ABOUT_RETURN_TYPE = YES_ERROR;
				GCC_WARN_UNDECLARED_SELECTOR = YES;
				GCC_WARN_UNINITIALIZED_AUTOS = YES_AGGRESSIVE;
				GCC_WARN_UNUSED_FUNCTION = YES;
				GCC_WARN_UNUSED_VARIABLE = YES;
				IPHONEOS_DEPLOYMENT_TARGET = 17.0;
				LOCALIZATION_PREFERS_STRING_CATALOGS = YES;
				MTL_ENABLE_DEBUG_INFO = INCLUDE_SOURCE;
				MTL_FAST_MATH = YES;
				ONLY_ACTIVE_ARCH = YES;
				SDKROOT = iphoneos;
				SWIFT_ACTIVE_COMPILATION_CONDITIONS = "DEBUG $(inherited)";
				SWIFT_OPTIMIZATION_LEVEL = "-Onone";
			};
			name = Debug;
		};
		077DBFFE2B3F37B20024B293 /* Release */ = {
			isa = XCBuildConfiguration;
			buildSettings = {
				ALWAYS_SEARCH_USER_PATHS = NO;
				ASSETCATALOG_COMPILER_GENERATE_SWIFT_ASSET_SYMBOL_EXTENSIONS = YES;
				CLANG_ANALYZER_NONNULL = YES;
				CLANG_ANALYZER_NUMBER_OBJECT_CONVERSION = YES_AGGRESSIVE;
				CLANG_CXX_LANGUAGE_STANDARD = "gnu++20";
				CLANG_ENABLE_MODULES = YES;
				CLANG_ENABLE_OBJC_ARC = YES;
				CLANG_ENABLE_OBJC_WEAK = YES;
				CLANG_WARN_BLOCK_CAPTURE_AUTORELEASING = YES;
				CLANG_WARN_BOOL_CONVERSION = YES;
				CLANG_WARN_COMMA = YES;
				CLANG_WARN_CONSTANT_CONVERSION = YES;
				CLANG_WARN_DEPRECATED_OBJC_IMPLEMENTATIONS = YES;
				CLANG_WARN_DIRECT_OBJC_ISA_USAGE = YES_ERROR;
				CLANG_WARN_DOCUMENTATION_COMMENTS = YES;
				CLANG_WARN_EMPTY_BODY = YES;
				CLANG_WARN_ENUM_CONVERSION = YES;
				CLANG_WARN_INFINITE_RECURSION = YES;
				CLANG_WARN_INT_CONVERSION = YES;
				CLANG_WARN_NON_LITERAL_NULL_CONVERSION = YES;
				CLANG_WARN_OBJC_IMPLICIT_RETAIN_SELF = YES;
				CLANG_WARN_OBJC_LITERAL_CONVERSION = YES;
				CLANG_WARN_OBJC_ROOT_CLASS = YES_ERROR;
				CLANG_WARN_QUOTED_INCLUDE_IN_FRAMEWORK_HEADER = YES;
				CLANG_WARN_RANGE_LOOP_ANALYSIS = YES;
				CLANG_WARN_STRICT_PROTOTYPES = YES;
				CLANG_WARN_SUSPICIOUS_MOVE = YES;
				CLANG_WARN_UNGUARDED_AVAILABILITY = YES_AGGRESSIVE;
				CLANG_WARN_UNREACHABLE_CODE = YES;
				CLANG_WARN__DUPLICATE_METHOD_MATCH = YES;
				COPY_PHASE_STRIP = NO;
				DEBUG_INFORMATION_FORMAT = "dwarf-with-dsym";
				ENABLE_NS_ASSERTIONS = NO;
				ENABLE_STRICT_OBJC_MSGSEND = YES;
				ENABLE_USER_SCRIPT_SANDBOXING = YES;
				GCC_C_LANGUAGE_STANDARD = gnu17;
				GCC_NO_COMMON_BLOCKS = YES;
				GCC_WARN_64_TO_32_BIT_CONVERSION = YES;
				GCC_WARN_ABOUT_RETURN_TYPE = YES_ERROR;
				GCC_WARN_UNDECLARED_SELECTOR = YES;
				GCC_WARN_UNINITIALIZED_AUTOS = YES_AGGRESSIVE;
				GCC_WARN_UNUSED_FUNCTION = YES;
				GCC_WARN_UNUSED_VARIABLE = YES;
				IPHONEOS_DEPLOYMENT_TARGET = 17.0;
				LOCALIZATION_PREFERS_STRING_CATALOGS = YES;
				MTL_ENABLE_DEBUG_INFO = NO;
				MTL_FAST_MATH = YES;
				SDKROOT = iphoneos;
				SWIFT_COMPILATION_MODE = wholemodule;
				VALIDATE_PRODUCT = YES;
			};
			name = Release;
		};
		077DC0002B3F37B20024B293 /* Debug */ = {
			isa = XCBuildConfiguration;
			buildSettings = {
				ASSETCATALOG_COMPILER_APPICON_NAME = AppIcon;
				ASSETCATALOG_COMPILER_GLOBAL_ACCENT_COLOR_NAME = AccentColor;
				CODE_SIGN_STYLE = Automatic;
				CURRENT_PROJECT_VERSION = 1;
				DEVELOPMENT_ASSET_PATHS = "\"Dart01/Preview Content\"";
				DEVELOPMENT_TEAM = 2H39PVH779;
				ENABLE_PREVIEWS = YES;
				GENERATE_INFOPLIST_FILE = YES;
				INFOPLIST_FILE = Dart01/Info.plist;
				INFOPLIST_KEY_CFBundleDisplayName = "Dart Zen";
				INFOPLIST_KEY_UIApplicationSceneManifest_Generation = YES;
				INFOPLIST_KEY_UIApplicationSupportsIndirectInputEvents = YES;
				INFOPLIST_KEY_UILaunchScreen_Generation = YES;
				INFOPLIST_KEY_UISupportedInterfaceOrientations_iPad = "UIInterfaceOrientationPortrait UIInterfaceOrientationPortraitUpsideDown UIInterfaceOrientationLandscapeLeft UIInterfaceOrientationLandscapeRight";
				INFOPLIST_KEY_UISupportedInterfaceOrientations_iPhone = "UIInterfaceOrientationPortrait UIInterfaceOrientationLandscapeLeft UIInterfaceOrientationLandscapeRight";
				LD_RUNPATH_SEARCH_PATHS = (
					"$(inherited)",
					"@executable_path/Frameworks",
				);
				MARKETING_VERSION = 1.0;
				PRODUCT_BUNDLE_IDENTIFIER = com.epatts.Dart01;
				PRODUCT_NAME = "$(TARGET_NAME)";
				SWIFT_EMIT_LOC_STRINGS = YES;
				SWIFT_VERSION = 5.0;
				TARGETED_DEVICE_FAMILY = "1,2";
			};
			name = Debug;
		};
		077DC0012B3F37B20024B293 /* Release */ = {
			isa = XCBuildConfiguration;
			buildSettings = {
				ASSETCATALOG_COMPILER_APPICON_NAME = AppIcon;
				ASSETCATALOG_COMPILER_GLOBAL_ACCENT_COLOR_NAME = AccentColor;
				CODE_SIGN_STYLE = Automatic;
				CURRENT_PROJECT_VERSION = 1;
				DEVELOPMENT_ASSET_PATHS = "\"Dart01/Preview Content\"";
				DEVELOPMENT_TEAM = 2H39PVH779;
				ENABLE_PREVIEWS = YES;
				GENERATE_INFOPLIST_FILE = YES;
				INFOPLIST_FILE = Dart01/Info.plist;
				INFOPLIST_KEY_CFBundleDisplayName = "Dart Zen";
				INFOPLIST_KEY_UIApplicationSceneManifest_Generation = YES;
				INFOPLIST_KEY_UIApplicationSupportsIndirectInputEvents = YES;
				INFOPLIST_KEY_UILaunchScreen_Generation = YES;
				INFOPLIST_KEY_UISupportedInterfaceOrientations_iPad = "UIInterfaceOrientationPortrait UIInterfaceOrientationPortraitUpsideDown UIInterfaceOrientationLandscapeLeft UIInterfaceOrientationLandscapeRight";
				INFOPLIST_KEY_UISupportedInterfaceOrientations_iPhone = "UIInterfaceOrientationPortrait UIInterfaceOrientationLandscapeLeft UIInterfaceOrientationLandscapeRight";
				LD_RUNPATH_SEARCH_PATHS = (
					"$(inherited)",
					"@executable_path/Frameworks",
				);
				MARKETING_VERSION = 1.0;
				PRODUCT_BUNDLE_IDENTIFIER = com.epatts.Dart01;
				PRODUCT_NAME = "$(TARGET_NAME)";
				SWIFT_EMIT_LOC_STRINGS = YES;
				SWIFT_VERSION = 5.0;
				TARGETED_DEVICE_FAMILY = "1,2";
			};
			name = Release;
		};
		077DC0032B3F37B20024B293 /* Debug */ = {
			isa = XCBuildConfiguration;
			buildSettings = {
				ALWAYS_EMBED_SWIFT_STANDARD_LIBRARIES = YES;
				BUNDLE_LOADER = "$(TEST_HOST)";
				CODE_SIGN_STYLE = Automatic;
				CURRENT_PROJECT_VERSION = 1;
				GENERATE_INFOPLIST_FILE = YES;
				IPHONEOS_DEPLOYMENT_TARGET = 17.0;
				MARKETING_VERSION = 1.0;
				PRODUCT_BUNDLE_IDENTIFIER = com.epatts.Dart01Tests;
				PRODUCT_NAME = "$(TARGET_NAME)";
				SWIFT_EMIT_LOC_STRINGS = NO;
				SWIFT_VERSION = 5.0;
				TARGETED_DEVICE_FAMILY = "1,2";
				TEST_HOST = "$(BUILT_PRODUCTS_DIR)/Dart01.app/$(BUNDLE_EXECUTABLE_FOLDER_PATH)/Dart01";
			};
			name = Debug;
		};
		077DC0042B3F37B20024B293 /* Release */ = {
			isa = XCBuildConfiguration;
			buildSettings = {
				ALWAYS_EMBED_SWIFT_STANDARD_LIBRARIES = YES;
				BUNDLE_LOADER = "$(TEST_HOST)";
				CODE_SIGN_STYLE = Automatic;
				CURRENT_PROJECT_VERSION = 1;
				GENERATE_INFOPLIST_FILE = YES;
				IPHONEOS_DEPLOYMENT_TARGET = 17.0;
				MARKETING_VERSION = 1.0;
				PRODUCT_BUNDLE_IDENTIFIER = com.epatts.Dart01Tests;
				PRODUCT_NAME = "$(TARGET_NAME)";
				SWIFT_EMIT_LOC_STRINGS = NO;
				SWIFT_VERSION = 5.0;
				TARGETED_DEVICE_FAMILY = "1,2";
				TEST_HOST = "$(BUILT_PRODUCTS_DIR)/Dart01.app/$(BUNDLE_EXECUTABLE_FOLDER_PATH)/Dart01";
			};
			name = Release;
		};
		077DC0062B3F37B20024B293 /* Debug */ = {
			isa = XCBuildConfiguration;
			buildSettings = {
				ALWAYS_EMBED_SWIFT_STANDARD_LIBRARIES = YES;
				CODE_SIGN_STYLE = Automatic;
				CURRENT_PROJECT_VERSION = 1;
				GENERATE_INFOPLIST_FILE = YES;
				MARKETING_VERSION = 1.0;
				PRODUCT_BUNDLE_IDENTIFIER = com.epatts.Dart01UITests;
				PRODUCT_NAME = "$(TARGET_NAME)";
				SWIFT_EMIT_LOC_STRINGS = NO;
				SWIFT_VERSION = 5.0;
				TARGETED_DEVICE_FAMILY = "1,2";
				TEST_TARGET_NAME = Dart01;
			};
			name = Debug;
		};
		077DC0072B3F37B20024B293 /* Release */ = {
			isa = XCBuildConfiguration;
			buildSettings = {
				ALWAYS_EMBED_SWIFT_STANDARD_LIBRARIES = YES;
				CODE_SIGN_STYLE = Automatic;
				CURRENT_PROJECT_VERSION = 1;
				GENERATE_INFOPLIST_FILE = YES;
				MARKETING_VERSION = 1.0;
				PRODUCT_BUNDLE_IDENTIFIER = com.epatts.Dart01UITests;
				PRODUCT_NAME = "$(TARGET_NAME)";
				SWIFT_EMIT_LOC_STRINGS = NO;
				SWIFT_VERSION = 5.0;
				TARGETED_DEVICE_FAMILY = "1,2";
				TEST_TARGET_NAME = Dart01;
			};
			name = Release;
		};
/* End XCBuildConfiguration section */

/* Begin XCConfigurationList section */
		077DBFD62B3F37AF0024B293 /* Build configuration list for PBXProject "Dart01" */ = {
			isa = XCConfigurationList;
			buildConfigurations = (
				077DBFFD2B3F37B20024B293 /* Debug */,
				077DBFFE2B3F37B20024B293 /* Release */,
			);
			defaultConfigurationIsVisible = 0;
			defaultConfigurationName = Release;
		};
		077DBFFF2B3F37B20024B293 /* Build configuration list for PBXNativeTarget "Dart01" */ = {
			isa = XCConfigurationList;
			buildConfigurations = (
				077DC0002B3F37B20024B293 /* Debug */,
				077DC0012B3F37B20024B293 /* Release */,
			);
			defaultConfigurationIsVisible = 0;
			defaultConfigurationName = Release;
		};
		077DC0022B3F37B20024B293 /* Build configuration list for PBXNativeTarget "Dart01Tests" */ = {
			isa = XCConfigurationList;
			buildConfigurations = (
				077DC0032B3F37B20024B293 /* Debug */,
				077DC0042B3F37B20024B293 /* Release */,
			);
			defaultConfigurationIsVisible = 0;
			defaultConfigurationName = Release;
		};
		077DC0052B3F37B20024B293 /* Build configuration list for PBXNativeTarget "Dart01UITests" */ = {
			isa = XCConfigurationList;
			buildConfigurations = (
				077DC0062B3F37B20024B293 /* Debug */,
				077DC0072B3F37B20024B293 /* Release */,
			);
			defaultConfigurationIsVisible = 0;
			defaultConfigurationName = Release;
		};
/* End XCConfigurationList section */
	};
	rootObject = 077DBFD32B3F37AF0024B293 /* Project object */;
}
